
Microsoft Visual Studio Solution File, Format Version 12.00
# Visual Studio 2013
VisualStudioVersion = 12.0.31101.0
MinimumVisualStudioVersion = 10.0.40219.1
Project("{FAE04EC0-301F-11D3-BF4B-00C04F79EFBC}") = "BankDemo2", "BankDemo2\BankDemo2.csproj", "{C528F5FC-AC28-495F-9C2F-86CDD9AE3B73}"
EndProject
Project("{FAE04EC0-301F-11D3-BF4B-00C04F79EFBC}") = "BankDemo2.Tests", "BankDemo2.Tests\BankDemo2.Tests.csproj", "{C91E453C-A137-4CF6-B397-AAE2E1B69EBF}"
EndProject
Global
	GlobalSection(SolutionConfigurationPlatforms) = preSolution
		Debug|Any CPU = Debug|Any CPU
		Release|Any CPU = Release|Any CPU
	EndGlobalSection
	GlobalSection(ProjectConfigurationPlatforms) = postSolution
		{C528F5FC-AC28-495F-9C2F-86CDD9AE3B73}.Debug|Any CPU.ActiveCfg = Debug|Any CPU
		{C528F5FC-AC28-495F-9C2F-86CDD9AE3B73}.Debug|Any CPU.Build.0 = Debug|Any CPU
		{C528F5FC-AC28-495F-9C2F-86CDD9AE3B73}.Release|Any CPU.ActiveCfg = Release|Any CPU
		{C528F5FC-AC28-495F-9C2F-86CDD9AE3B73}.Release|Any CPU.Build.0 = Release|Any CPU
		{C91E453C-A137-4CF6-B397-AAE2E1B69EBF}.Debug|Any CPU.ActiveCfg = Debug|Any CPU
		{C91E453C-A137-4CF6-B397-AAE2E1B69EBF}.Debug|Any CPU.Build.0 = Debug|Any CPU
		{C91E453C-A137-4CF6-B397-AAE2E1B69EBF}.Release|Any CPU.ActiveCfg = Release|Any CPU
		{C91E453C-A137-4CF6-B397-AAE2E1B69EBF}.Release|Any CPU.Build.0 = Release|Any CPU
	EndGlobalSection
	GlobalSection(SolutionProperties) = preSolution
		HideSolutionNode = FALSE
	EndGlobalSection
EndGlobal
